<?xml version="1.0" encoding="utf-8"?>
<Project ToolsVersion="4.0" xmlns="http://schemas.microsoft.com/developer/msbuild/2003">
  <ItemGroup>
    <ClCompile Include="deps\imgui\imgui.cpp" />
    <ClCompile Include="deps\imgui\imgui_draw.cpp" />
    <ClCompile Include="deps\imgui\imgui_tables.cpp" />
    <ClCompile Include="deps\imgui\imgui_widgets.cpp" />
    <ClCompile Include="src\core\sys.cpp" />
    <ClCompile Include="src\renderer\material.cpp" />
    <ClCompile Include="src\systems\render.cpp" />
    <ClCompile Include="src\renderer\bgfx_utils.cpp" />
    <ClCompile Include="src\core\camera.cpp" />
    <ClCompile Include="src\core\registry.cpp" />
    <ClCompile Include="src\imgui\imgui_helper.cpp" />
    <ClCompile Include="src\input\input.cpp" />
    <ClCompile Include="src\main.cpp" />
  </ItemGroup>
  <ItemGroup>
    <ClInclude Include="src\core\cache.hpp" />
    <ClInclude Include="src\components\scene_object.hpp" />
    <ClInclude Include="src\core\sys.hpp" />
    <ClInclude Include="src\renderer\cube.hpp" />
    <ClInclude Include="src\renderer\material.hpp" />
    <ClInclude Include="src\systems\render.hpp" />
    <ClInclude Include="src\renderer\bgfx_utils.hpp" />
    <ClInclude Include="src\core\camera.hpp" />
    <ClInclude Include="src\components\position.hpp" />
    <ClInclude Include="src\renderer\primitive.hpp" />
    <ClInclude Include="src\components\rotation.hpp" />
    <ClInclude Include="src\components\scale.hpp" />
    <ClInclude Include="src\imgui\fs_imgui_image.bin.h" />
    <ClInclude Include="src\imgui\fs_ocornut_imgui.bin.h" />
    <ClInclude Include="src\imgui\imgui_helper.h" />
    <ClInclude Include="src\imgui\imgui_user.h" />
    <ClInclude Include="src\imgui\robotomono_regular.ttf.h" />
    <ClInclude Include="src\imgui\roboto_regular.ttf.h" />
    <ClInclude Include="src\imgui\vs_imgui_image.bin.h" />
    <ClInclude Include="src\imgui\vs_ocornut_imgui.bin.h" />
    <ClInclude Include="src\imgui\wato_imgui_config.h" />
    <ClInclude Include="src\input\input.hpp" />
    <ClInclude Include="src\renderer\plane.hpp" />
    <ClInclude Include="src\core\registry.hpp" />
    <ClInclude Include="src\core\tile.hpp" />
    <ClInclude Include="src\components\color.hpp" />
    <ClInclude Include="src\components\direction.hpp" />
    <ClInclude Include="src\renderer\mesh_primitive.hpp" />
    <ClInclude Include="src\components\model.hpp" />
  </ItemGroup>
</Project>