<?xml version="1.0" encoding="utf-8"?>
<Project ToolsVersion="4.0" xmlns="http://schemas.microsoft.com/developer/msbuild/2003">
  <ItemGroup>
    <Filter Include="Source Files">
      <UniqueIdentifier>{4FC737F1-C7A5-4376-A066-2A32D752A2FF}</UniqueIdentifier>
      <Extensions>cpp;c;cc;cxx;c++;cppm;ixx;def;odl;idl;hpj;bat;asm;asmx</Extensions>
    </Filter>
    <Filter Include="Header Files">
      <UniqueIdentifier>{93995380-89BD-4b04-88EB-625FBE52EBFB}</UniqueIdentifier>
      <Extensions>h;hh;hpp;hxx;h++;hm;inl;inc;ipp;xsd</Extensions>
    </Filter>
    <Filter Include="Resource Files">
      <UniqueIdentifier>{67DA6AB6-F800-4c08-8B7A-83BB121AAD01}</UniqueIdentifier>
      <Extensions>rc;ico;cur;bmp;dlg;rc2;rct;bin;rgs;gif;jpg;jpeg;jpe;resx;tiff;tif;png;wav;mfcribbon-ms</Extensions>
    </Filter>
    <Filter Include="Source Files\imgui">
      <UniqueIdentifier>{4aa6d9fd-17aa-440f-9578-3a47c195bbc1}</UniqueIdentifier>
    </Filter>
    <Filter Include="Source Files\input">
      <UniqueIdentifier>{598a2f1b-335d-445a-8ed3-f3cc01870b81}</UniqueIdentifier>
    </Filter>
    <Filter Include="Source Files\deps">
      <UniqueIdentifier>{a3f6c1a2-6ba0-40ae-b1e0-fb7412fbeb3b}</UniqueIdentifier>
    </Filter>
    <Filter Include="Source Files\deps\imgui">
      <UniqueIdentifier>{b3823f94-4bab-43ea-b1dc-c2f0c698518e}</UniqueIdentifier>
    </Filter>
    <Filter Include="Source Files\primitive">
      <UniqueIdentifier>{064282e0-02bb-4209-a230-0ed1aba52247}</UniqueIdentifier>
    </Filter>
  </ItemGroup>
  <ItemGroup>
    <ClCompile Include="src\main.cpp">
      <Filter>Source Files</Filter>
    </ClCompile>
    <ClCompile Include="src\imgui\imgui_helper.cpp">
      <Filter>Source Files\imgui</Filter>
    </ClCompile>
    <ClCompile Include="src\bgfx_utils.cpp">
      <Filter>Source Files</Filter>
    </ClCompile>
    <ClCompile Include="src\input\input.cpp">
      <Filter>Source Files\input</Filter>
    </ClCompile>
    <ClCompile Include="deps\imgui\imgui.cpp">
      <Filter>Source Files\deps\imgui</Filter>
    </ClCompile>
    <ClCompile Include="deps\imgui\imgui_draw.cpp">
      <Filter>Source Files\deps\imgui</Filter>
    </ClCompile>
    <ClCompile Include="deps\imgui\imgui_tables.cpp">
      <Filter>Source Files\deps\imgui</Filter>
    </ClCompile>
    <ClCompile Include="deps\imgui\imgui_widgets.cpp">
      <Filter>Source Files\deps\imgui</Filter>
    </ClCompile>
    <ClCompile Include="src\primitive\plane.cpp">
      <Filter>Source Files\primitive</Filter>
    </ClCompile>
    <ClCompile Include="src\primitive\primitive.cpp">
      <Filter>Source Files\primitive</Filter>
    </ClCompile>
    <ClCompile Include="src\camera.cpp">
      <Filter>Source Files</Filter>
    </ClCompile>
  </ItemGroup>
  <ItemGroup>
    <ClInclude Include="src\imgui\imgui_helper.h">
      <Filter>Header Files</Filter>
    </ClInclude>
    <ClInclude Include="src\imgui\vs_imgui_image.bin.h">
      <Filter>Header Files</Filter>
    </ClInclude>
    <ClInclude Include="src\imgui\vs_ocornut_imgui.bin.h">
      <Filter>Header Files</Filter>
    </ClInclude>
    <ClInclude Include="src\imgui\fs_imgui_image.bin.h">
      <Filter>Header Files</Filter>
    </ClInclude>
    <ClInclude Include="src\imgui\fs_ocornut_imgui.bin.h">
      <Filter>Header Files</Filter>
    </ClInclude>
    <ClInclude Include="src\bgfx_utils.h">
      <Filter>Header Files</Filter>
    </ClInclude>
    <ClInclude Include="src\imgui\roboto_regular.ttf.h">
      <Filter>Header Files</Filter>
    </ClInclude>
    <ClInclude Include="src\imgui\robotomono_regular.ttf.h">
      <Filter>Header Files</Filter>
    </ClInclude>
    <ClInclude Include="src\imgui\imgui_user.h">
      <Filter>Header Files</Filter>
    </ClInclude>
    <ClInclude Include="src\imgui\wato_imgui_config.h">
      <Filter>Header Files</Filter>
    </ClInclude>
    <ClInclude Include="src\input\input.h">
      <Filter>Header Files</Filter>
    </ClInclude>
    <ClInclude Include="src\primitive\plane.hpp">
      <Filter>Header Files</Filter>
    </ClInclude>
    <ClInclude Include="src\primitive\primitive.hpp">
      <Filter>Header Files</Filter>
    </ClInclude>
    <ClInclude Include="src\camera.hpp">
      <Filter>Header Files</Filter>
    </ClInclude>
  </ItemGroup>
</Project>